
Microsoft Visual Studio Solution File, Format Version 12.00
# Visual Studio 15
VisualStudioVersion = 15.0.28010.2050
MinimumVisualStudioVersion = 10.0.40219.1
Project("{FAE04EC0-301F-11D3-BF4B-00C04F79EFBC}") = "Exercice 7_2", "Exercice 7_2\Exercice 7_2.csproj", "{5D77A0E3-CED6-4133-BDA3-260409BF743C}"
EndProject
Global
	GlobalSection(SolutionConfigurationPlatforms) = preSolution
		Debug|Any CPU = Debug|Any CPU
		Release|Any CPU = Release|Any CPU
	EndGlobalSection
	GlobalSection(ProjectConfigurationPlatforms) = postSolution
		{5D77A0E3-CED6-4133-BDA3-260409BF743C}.Debug|Any CPU.ActiveCfg = Debug|Any CPU
		{5D77A0E3-CED6-4133-BDA3-260409BF743C}.Debug|Any CPU.Build.0 = Debug|Any CPU
		{5D77A0E3-CED6-4133-BDA3-260409BF743C}.Release|Any CPU.ActiveCfg = Release|Any CPU
		{5D77A0E3-CED6-4133-BDA3-260409BF743C}.Release|Any CPU.Build.0 = Release|Any CPU
	EndGlobalSection
	GlobalSection(SolutionProperties) = preSolution
		HideSolutionNode = FALSE
	EndGlobalSection
	GlobalSection(ExtensibilityGlobals) = postSolution
		SolutionGuid = {BF398F88-CC6E-4EA0-AE4D-08E686D09FC3}
	EndGlobalSection
EndGlobal
